
Microsoft Visual Studio Solution File, Format Version 12.00
# Visual Studio Version 16
VisualStudioVersion = 16.0.29905.134
MinimumVisualStudioVersion = 10.0.40219.1
Project("{FAE04EC0-301F-11D3-BF4B-00C04F79EFBC}") = "Assignment7_1", "Assignment7_1\Assignment7_1.csproj", "{28A24011-0A1B-4B2A-A2C2-E0D081F91868}"
EndProject
Global
	GlobalSection(SolutionConfigurationPlatforms) = preSolution
		Debug|Any CPU = Debug|Any CPU
		Release|Any CPU = Release|Any CPU
	EndGlobalSection
	GlobalSection(ProjectConfigurationPlatforms) = postSolution
		{28A24011-0A1B-4B2A-A2C2-E0D081F91868}.Debug|Any CPU.ActiveCfg = Debug|Any CPU
		{28A24011-0A1B-4B2A-A2C2-E0D081F91868}.Debug|Any CPU.Build.0 = Debug|Any CPU
		{28A24011-0A1B-4B2A-A2C2-E0D081F91868}.Release|Any CPU.ActiveCfg = Release|Any CPU
		{28A24011-0A1B-4B2A-A2C2-E0D081F91868}.Release|Any CPU.Build.0 = Release|Any CPU
	EndGlobalSection
	GlobalSection(SolutionProperties) = preSolution
		HideSolutionNode = FALSE
	EndGlobalSection
	GlobalSection(ExtensibilityGlobals) = postSolution
		SolutionGuid = {312F97B4-7114-4111-A3C2-F071AB71272A}
	EndGlobalSection
EndGlobal
