
Microsoft Visual Studio Solution File, Format Version 12.00
# Visual Studio Version 16
VisualStudioVersion = 16.0.29609.76
MinimumVisualStudioVersion = 10.0.40219.1
Project("{FAE04EC0-301F-11D3-BF4B-00C04F79EFBC}") = "Assignment3_3", "Assignment3_3.csproj", "{87350FD9-6078-464F-A6ED-8B2327BD1AA2}"
EndProject
Global
	GlobalSection(SolutionConfigurationPlatforms) = preSolution
		Debug|Any CPU = Debug|Any CPU
		Release|Any CPU = Release|Any CPU
	EndGlobalSection
	GlobalSection(ProjectConfigurationPlatforms) = postSolution
		{87350FD9-6078-464F-A6ED-8B2327BD1AA2}.Debug|Any CPU.ActiveCfg = Debug|Any CPU
		{87350FD9-6078-464F-A6ED-8B2327BD1AA2}.Debug|Any CPU.Build.0 = Debug|Any CPU
		{87350FD9-6078-464F-A6ED-8B2327BD1AA2}.Release|Any CPU.ActiveCfg = Release|Any CPU
		{87350FD9-6078-464F-A6ED-8B2327BD1AA2}.Release|Any CPU.Build.0 = Release|Any CPU
	EndGlobalSection
	GlobalSection(SolutionProperties) = preSolution
		HideSolutionNode = FALSE
	EndGlobalSection
	GlobalSection(ExtensibilityGlobals) = postSolution
		SolutionGuid = {328ECDC1-9B1F-4084-A1F4-CA95B0A1E1BE}
	EndGlobalSection
EndGlobal
