
Microsoft Visual Studio Solution File, Format Version 12.00
# Visual Studio Version 16
VisualStudioVersion = 16.0.29509.3
MinimumVisualStudioVersion = 10.0.40219.1
Project("{FAE04EC0-301F-11D3-BF4B-00C04F79EFBC}") = "Assignment2_2", "Assignment2_2\Assignment2_2.csproj", "{98AFD300-DC6D-47B6-B23F-CE384C7B9C4C}"
EndProject
Global
	GlobalSection(SolutionConfigurationPlatforms) = preSolution
		Debug|Any CPU = Debug|Any CPU
		Release|Any CPU = Release|Any CPU
	EndGlobalSection
	GlobalSection(ProjectConfigurationPlatforms) = postSolution
		{98AFD300-DC6D-47B6-B23F-CE384C7B9C4C}.Debug|Any CPU.ActiveCfg = Debug|Any CPU
		{98AFD300-DC6D-47B6-B23F-CE384C7B9C4C}.Debug|Any CPU.Build.0 = Debug|Any CPU
		{98AFD300-DC6D-47B6-B23F-CE384C7B9C4C}.Release|Any CPU.ActiveCfg = Release|Any CPU
		{98AFD300-DC6D-47B6-B23F-CE384C7B9C4C}.Release|Any CPU.Build.0 = Release|Any CPU
	EndGlobalSection
	GlobalSection(SolutionProperties) = preSolution
		HideSolutionNode = FALSE
	EndGlobalSection
	GlobalSection(ExtensibilityGlobals) = postSolution
		SolutionGuid = {3411D9DF-C972-40FF-A61A-3D3BA8EA6EC4}
	EndGlobalSection
EndGlobal
