
Microsoft Visual Studio Solution File, Format Version 12.00
# Visual Studio Version 16
VisualStudioVersion = 16.0.29509.3
MinimumVisualStudioVersion = 10.0.40219.1
Project("{FAE04EC0-301F-11D3-BF4B-00C04F79EFBC}") = "Assignment5_5", "Assignment5\Assignment5_5.csproj", "{9BF146E3-1DDF-4D19-BF90-6B983BE3C923}"
EndProject
Project("{FAE04EC0-301F-11D3-BF4B-00C04F79EFBC}") = "Assignment5_2", "Assignment5_1\Assignment5_2.csproj", "{A5492156-5CBE-4B57-9AB1-BF269FA75979}"
EndProject
Project("{FAE04EC0-301F-11D3-BF4B-00C04F79EFBC}") = "Assignment5_3", "Assignment5_2\Assignment5_3.csproj", "{DD8CFCB0-648C-45E9-89D4-E79570B43B96}"
EndProject
Project("{FAE04EC0-301F-11D3-BF4B-00C04F79EFBC}") = "Assignment5_4", "Assignment5_4\Assignment5_4.csproj", "{4FCB7E5B-3B54-40FD-AB93-6F53BBC1C979}"
EndProject
Global
	GlobalSection(SolutionConfigurationPlatforms) = preSolution
		Debug|Any CPU = Debug|Any CPU
		Release|Any CPU = Release|Any CPU
	EndGlobalSection
	GlobalSection(ProjectConfigurationPlatforms) = postSolution
		{9BF146E3-1DDF-4D19-BF90-6B983BE3C923}.Debug|Any CPU.ActiveCfg = Debug|Any CPU
		{9BF146E3-1DDF-4D19-BF90-6B983BE3C923}.Debug|Any CPU.Build.0 = Debug|Any CPU
		{9BF146E3-1DDF-4D19-BF90-6B983BE3C923}.Release|Any CPU.ActiveCfg = Release|Any CPU
		{9BF146E3-1DDF-4D19-BF90-6B983BE3C923}.Release|Any CPU.Build.0 = Release|Any CPU
		{A5492156-5CBE-4B57-9AB1-BF269FA75979}.Debug|Any CPU.ActiveCfg = Debug|Any CPU
		{A5492156-5CBE-4B57-9AB1-BF269FA75979}.Debug|Any CPU.Build.0 = Debug|Any CPU
		{A5492156-5CBE-4B57-9AB1-BF269FA75979}.Release|Any CPU.ActiveCfg = Release|Any CPU
		{A5492156-5CBE-4B57-9AB1-BF269FA75979}.Release|Any CPU.Build.0 = Release|Any CPU
		{DD8CFCB0-648C-45E9-89D4-E79570B43B96}.Debug|Any CPU.ActiveCfg = Debug|Any CPU
		{DD8CFCB0-648C-45E9-89D4-E79570B43B96}.Debug|Any CPU.Build.0 = Debug|Any CPU
		{DD8CFCB0-648C-45E9-89D4-E79570B43B96}.Release|Any CPU.ActiveCfg = Release|Any CPU
		{DD8CFCB0-648C-45E9-89D4-E79570B43B96}.Release|Any CPU.Build.0 = Release|Any CPU
		{4FCB7E5B-3B54-40FD-AB93-6F53BBC1C979}.Debug|Any CPU.ActiveCfg = Debug|Any CPU
		{4FCB7E5B-3B54-40FD-AB93-6F53BBC1C979}.Debug|Any CPU.Build.0 = Debug|Any CPU
		{4FCB7E5B-3B54-40FD-AB93-6F53BBC1C979}.Release|Any CPU.ActiveCfg = Release|Any CPU
		{4FCB7E5B-3B54-40FD-AB93-6F53BBC1C979}.Release|Any CPU.Build.0 = Release|Any CPU
	EndGlobalSection
	GlobalSection(SolutionProperties) = preSolution
		HideSolutionNode = FALSE
	EndGlobalSection
	GlobalSection(ExtensibilityGlobals) = postSolution
		SolutionGuid = {FB995B3D-890D-4A07-9E06-2301A516911B}
	EndGlobalSection
EndGlobal
